
Microsoft Visual Studio Solution File, Format Version 12.00
# Visual Studio 15
VisualStudioVersion = 15.0.26124.0
MinimumVisualStudioVersion = 15.0.26124.0
Project("{2150E333-8FDC-42A3-9474-1A3956D46DE8}") = "src", "src", "{366DF34F-17C8-484E-9BF8-A3FC64184AFA}"
EndProject
Project("{FAE04EC0-301F-11D3-BF4B-00C04F79EFBC}") = "SimpleAPI", "src\SimpleAPI\SimpleAPI.csproj", "{C1050C3C-37E8-4BDC-B48E-5F2FE822EAE1}"
EndProject
Project("{2150E333-8FDC-42A3-9474-1A3956D46DE8}") = "Test", "Test", "{715A2510-A42C-4FD5-B0B4-68C75769D801}"
EndProject
Project("{FAE04EC0-301F-11D3-BF4B-00C04F79EFBC}") = "SimpleAPI.Tests", "Test\SimpleAPI.Tests\SimpleAPI.Tests.csproj", "{0E04015E-0687-4027-987F-E3A04C4880F6}"
EndProject
Global
	GlobalSection(SolutionConfigurationPlatforms) = preSolution
		Debug|Any CPU = Debug|Any CPU
		Debug|x64 = Debug|x64
		Debug|x86 = Debug|x86
		Release|Any CPU = Release|Any CPU
		Release|x64 = Release|x64
		Release|x86 = Release|x86
	EndGlobalSection
	GlobalSection(SolutionProperties) = preSolution
		HideSolutionNode = FALSE
	EndGlobalSection
	GlobalSection(ProjectConfigurationPlatforms) = postSolution
		{C1050C3C-37E8-4BDC-B48E-5F2FE822EAE1}.Debug|Any CPU.ActiveCfg = Debug|Any CPU
		{C1050C3C-37E8-4BDC-B48E-5F2FE822EAE1}.Debug|Any CPU.Build.0 = Debug|Any CPU
		{C1050C3C-37E8-4BDC-B48E-5F2FE822EAE1}.Debug|x64.ActiveCfg = Debug|Any CPU
		{C1050C3C-37E8-4BDC-B48E-5F2FE822EAE1}.Debug|x64.Build.0 = Debug|Any CPU
		{C1050C3C-37E8-4BDC-B48E-5F2FE822EAE1}.Debug|x86.ActiveCfg = Debug|Any CPU
		{C1050C3C-37E8-4BDC-B48E-5F2FE822EAE1}.Debug|x86.Build.0 = Debug|Any CPU
		{C1050C3C-37E8-4BDC-B48E-5F2FE822EAE1}.Release|Any CPU.ActiveCfg = Release|Any CPU
		{C1050C3C-37E8-4BDC-B48E-5F2FE822EAE1}.Release|Any CPU.Build.0 = Release|Any CPU
		{C1050C3C-37E8-4BDC-B48E-5F2FE822EAE1}.Release|x64.ActiveCfg = Release|Any CPU
		{C1050C3C-37E8-4BDC-B48E-5F2FE822EAE1}.Release|x64.Build.0 = Release|Any CPU
		{C1050C3C-37E8-4BDC-B48E-5F2FE822EAE1}.Release|x86.ActiveCfg = Release|Any CPU
		{C1050C3C-37E8-4BDC-B48E-5F2FE822EAE1}.Release|x86.Build.0 = Release|Any CPU
		{0E04015E-0687-4027-987F-E3A04C4880F6}.Debug|Any CPU.ActiveCfg = Debug|Any CPU
		{0E04015E-0687-4027-987F-E3A04C4880F6}.Debug|Any CPU.Build.0 = Debug|Any CPU
		{0E04015E-0687-4027-987F-E3A04C4880F6}.Debug|x64.ActiveCfg = Debug|Any CPU
		{0E04015E-0687-4027-987F-E3A04C4880F6}.Debug|x64.Build.0 = Debug|Any CPU
		{0E04015E-0687-4027-987F-E3A04C4880F6}.Debug|x86.ActiveCfg = Debug|Any CPU
		{0E04015E-0687-4027-987F-E3A04C4880F6}.Debug|x86.Build.0 = Debug|Any CPU
		{0E04015E-0687-4027-987F-E3A04C4880F6}.Release|Any CPU.ActiveCfg = Release|Any CPU
		{0E04015E-0687-4027-987F-E3A04C4880F6}.Release|Any CPU.Build.0 = Release|Any CPU
		{0E04015E-0687-4027-987F-E3A04C4880F6}.Release|x64.ActiveCfg = Release|Any CPU
		{0E04015E-0687-4027-987F-E3A04C4880F6}.Release|x64.Build.0 = Release|Any CPU
		{0E04015E-0687-4027-987F-E3A04C4880F6}.Release|x86.ActiveCfg = Release|Any CPU
		{0E04015E-0687-4027-987F-E3A04C4880F6}.Release|x86.Build.0 = Release|Any CPU
	EndGlobalSection
	GlobalSection(NestedProjects) = preSolution
		{C1050C3C-37E8-4BDC-B48E-5F2FE822EAE1} = {366DF34F-17C8-484E-9BF8-A3FC64184AFA}
		{0E04015E-0687-4027-987F-E3A04C4880F6} = {715A2510-A42C-4FD5-B0B4-68C75769D801}
	EndGlobalSection
EndGlobal
