
Microsoft Visual Studio Solution File, Format Version 12.00
# Visual Studio Version 17
VisualStudioVersion = 17.0.31903.59
MinimumVisualStudioVersion = 10.0.40219.1
Project("{2150E333-8FDC-42A3-9474-1A3956D46DE8}") = "src", "src", "{1F0D467A-6B8C-4768-AA94-5194BB2D775F}"
EndProject
Project("{FAE04EC0-301F-11D3-BF4B-00C04F79EFBC}") = "SimpleAPI", "src\SimpleAPI\SimpleAPI.csproj", "{2B1BF254-C5F9-459C-B9CA-BBD7C52426A5}"
EndProject
Project("{2150E333-8FDC-42A3-9474-1A3956D46DE8}") = "test", "test", "{DCC84EAE-9BFF-446C-9EED-F92AEDA6CE8A}"
EndProject
Project("{FAE04EC0-301F-11D3-BF4B-00C04F79EFBC}") = "SimpleAPI.Tests", "test\SimpleAPI.Tests\SimpleAPI.Tests.csproj", "{15D0276A-93F8-40F7-B125-A0082D128C30}"
EndProject
Global
	GlobalSection(SolutionConfigurationPlatforms) = preSolution
		Debug|Any CPU = Debug|Any CPU
		Release|Any CPU = Release|Any CPU
	EndGlobalSection
	GlobalSection(SolutionProperties) = preSolution
		HideSolutionNode = FALSE
	EndGlobalSection
	GlobalSection(ProjectConfigurationPlatforms) = postSolution
		{2B1BF254-C5F9-459C-B9CA-BBD7C52426A5}.Debug|Any CPU.ActiveCfg = Debug|Any CPU
		{2B1BF254-C5F9-459C-B9CA-BBD7C52426A5}.Debug|Any CPU.Build.0 = Debug|Any CPU
		{2B1BF254-C5F9-459C-B9CA-BBD7C52426A5}.Release|Any CPU.ActiveCfg = Release|Any CPU
		{2B1BF254-C5F9-459C-B9CA-BBD7C52426A5}.Release|Any CPU.Build.0 = Release|Any CPU
		{15D0276A-93F8-40F7-B125-A0082D128C30}.Debug|Any CPU.ActiveCfg = Debug|Any CPU
		{15D0276A-93F8-40F7-B125-A0082D128C30}.Debug|Any CPU.Build.0 = Debug|Any CPU
		{15D0276A-93F8-40F7-B125-A0082D128C30}.Release|Any CPU.ActiveCfg = Release|Any CPU
		{15D0276A-93F8-40F7-B125-A0082D128C30}.Release|Any CPU.Build.0 = Release|Any CPU
	EndGlobalSection
	GlobalSection(NestedProjects) = preSolution
		{2B1BF254-C5F9-459C-B9CA-BBD7C52426A5} = {1F0D467A-6B8C-4768-AA94-5194BB2D775F}
		{15D0276A-93F8-40F7-B125-A0082D128C30} = {DCC84EAE-9BFF-446C-9EED-F92AEDA6CE8A}
	EndGlobalSection
EndGlobal
